
Microsoft Visual Studio Solution File, Format Version 12.00
# Visual Studio Version 17
VisualStudioVersion = 17.8.34408.163
MinimumVisualStudioVersion = 10.0.40219.1
Project("{FAE04EC0-301F-11D3-BF4B-00C04F79EFBC}") = "EvidencijaNezaposlenih.Interfejs", "EvidencijaNezaposlenih.Interfejs\EvidencijaNezaposlenih.Interfejs.csproj", "{F665CAF1-2F3A-4B3C-B554-001C4FFE8F4C}"
EndProject
Project("{FAE04EC0-301F-11D3-BF4B-00C04F79EFBC}") = "EvidencijaNezaposlenih.Repozitorijum", "EvidencijaNezaposlenih.Repozitorijum\EvidencijaNezaposlenih.Repozitorijum.csproj", "{615691F7-BDED-4D2A-B511-A836CAB7DDC3}"
EndProject
Project("{FAE04EC0-301F-11D3-BF4B-00C04F79EFBC}") = "EvidencijaNezaposlenih.Servisi", "EvidencijaNezaposlenih.Servisi\EvidencijaNezaposlenih.Servisi.csproj", "{CC2DD0EF-651B-40FE-87CD-D5A42DB79E37}"
EndProject
Project("{FAE04EC0-301F-11D3-BF4B-00C04F79EFBC}") = "EvidencijaNezaposlenih.Validacja", "EvidencijaNezaposlenih.Validacja\EvidencijaNezaposlenih.Validacja.csproj", "{18632715-A4D1-4A8A-ADD7-9B37307668F3}"
EndProject
Global
	GlobalSection(SolutionConfigurationPlatforms) = preSolution
		Debug|Any CPU = Debug|Any CPU
		Release|Any CPU = Release|Any CPU
	EndGlobalSection
	GlobalSection(ProjectConfigurationPlatforms) = postSolution
		{F665CAF1-2F3A-4B3C-B554-001C4FFE8F4C}.Debug|Any CPU.ActiveCfg = Debug|Any CPU
		{F665CAF1-2F3A-4B3C-B554-001C4FFE8F4C}.Debug|Any CPU.Build.0 = Debug|Any CPU
		{F665CAF1-2F3A-4B3C-B554-001C4FFE8F4C}.Release|Any CPU.ActiveCfg = Release|Any CPU
		{F665CAF1-2F3A-4B3C-B554-001C4FFE8F4C}.Release|Any CPU.Build.0 = Release|Any CPU
		{615691F7-BDED-4D2A-B511-A836CAB7DDC3}.Debug|Any CPU.ActiveCfg = Debug|Any CPU
		{615691F7-BDED-4D2A-B511-A836CAB7DDC3}.Debug|Any CPU.Build.0 = Debug|Any CPU
		{615691F7-BDED-4D2A-B511-A836CAB7DDC3}.Release|Any CPU.ActiveCfg = Release|Any CPU
		{615691F7-BDED-4D2A-B511-A836CAB7DDC3}.Release|Any CPU.Build.0 = Release|Any CPU
		{CC2DD0EF-651B-40FE-87CD-D5A42DB79E37}.Debug|Any CPU.ActiveCfg = Debug|Any CPU
		{CC2DD0EF-651B-40FE-87CD-D5A42DB79E37}.Debug|Any CPU.Build.0 = Debug|Any CPU
		{CC2DD0EF-651B-40FE-87CD-D5A42DB79E37}.Release|Any CPU.ActiveCfg = Release|Any CPU
		{CC2DD0EF-651B-40FE-87CD-D5A42DB79E37}.Release|Any CPU.Build.0 = Release|Any CPU
		{18632715-A4D1-4A8A-ADD7-9B37307668F3}.Debug|Any CPU.ActiveCfg = Debug|Any CPU
		{18632715-A4D1-4A8A-ADD7-9B37307668F3}.Debug|Any CPU.Build.0 = Debug|Any CPU
		{18632715-A4D1-4A8A-ADD7-9B37307668F3}.Release|Any CPU.ActiveCfg = Release|Any CPU
		{18632715-A4D1-4A8A-ADD7-9B37307668F3}.Release|Any CPU.Build.0 = Release|Any CPU
	EndGlobalSection
	GlobalSection(SolutionProperties) = preSolution
		HideSolutionNode = FALSE
	EndGlobalSection
	GlobalSection(ExtensibilityGlobals) = postSolution
		SolutionGuid = {04A9833F-A6DC-47A9-AC53-58258E1D78C1}
	EndGlobalSection
EndGlobal
